{
  "object": {
    "pins": [
      {
        "package": "RealmDatabase",
        "repositoryURL": "https://github.com/realm/realm-core",
        "state": {
          "branch": null,
          "revision": "6b81f1a7a2d421f9e0b9e7f04e76bcf736a54409",
          "version": "11.9.0"
        }
      },
      {
        "package": "SwiftDate",
        "repositoryURL": "https://github.com/malcommac/SwiftDate",
        "state": {
          "branch": "master",
          "revision": "6190d0cefff3013e77ed567e6b074f324e5c5bf5",
          "version": null
        }
      },
      {
        "package": "WelcomeSheet",
        "repositoryURL": "https://github.com/MAJKFL/Welcome-Sheet",
        "state": {
          "branch": "main",
          "revision": "33d2836eea920b19dba0f82581a1864552eed547",
          "version": null
        }
      }
    ]
  },
  "version": 1
}
