// !$*UTF8*$!
{
	archiveVersion = 1;
	classes = {
	};
	objectVersion = 55;
	objects = {

/* Begin PBXBuildFile section */
		610C646327CC550B00321CBE /* WelcomeSheet in Frameworks */ = {isa = PBXBuildFile; productRef = 610C646227CC550B00321CBE /* WelcomeSheet */; };
		6110098527CE1EA0008894D7 /* RealmConfiguration.swift in Sources */ = {isa = PBXBuildFile; fileRef = 6110098427CE1EA0008894D7 /* RealmConfiguration.swift */; };
		611009CA27CE541E008894D7 /* WidgetKit.framework in Frameworks */ = {isa = PBXBuildFile; fileRef = 611009C927CE541E008894D7 /* WidgetKit.framework */; };
		611009CC27CE541E008894D7 /* SwiftUI.framework in Frameworks */ = {isa = PBXBuildFile; fileRef = 611009CB27CE541E008894D7 /* SwiftUI.framework */; };
		611009CF27CE541E008894D7 /* QuickPeek.swift in Sources */ = {isa = PBXBuildFile; fileRef = 611009CE27CE541E008894D7 /* QuickPeek.swift */; };
		611009D227CE541F008894D7 /* Assets.xcassets in Resources */ = {isa = PBXBuildFile; fileRef = 611009D127CE541F008894D7 /* Assets.xcassets */; };
		611009D427CE541F008894D7 /* QuickPeek.intentdefinition in Sources */ = {isa = PBXBuildFile; fileRef = 611009D027CE541E008894D7 /* QuickPeek.intentdefinition */; };
		611009D527CE541F008894D7 /* QuickPeek.intentdefinition in Sources */ = {isa = PBXBuildFile; fileRef = 611009D027CE541E008894D7 /* QuickPeek.intentdefinition */; };
		611009D827CE541F008894D7 /* QuickPeekExtension.appex in Embed App Extensions */ = {isa = PBXBuildFile; fileRef = 611009C827CE541E008894D7 /* QuickPeekExtension.appex */; settings = {ATTRIBUTES = (RemoveHeadersOnCopy, ); }; };
		611009DE27CE5429008894D7 /* RealmConfiguration.swift in Sources */ = {isa = PBXBuildFile; fileRef = 6110098427CE1EA0008894D7 /* RealmConfiguration.swift */; };
		611009DF27CE542F008894D7 /* ScheduleGroup.swift in Sources */ = {isa = PBXBuildFile; fileRef = 6142E73E27C4058D008C357C /* ScheduleGroup.swift */; };
		611009E027CE542F008894D7 /* ScheduleEntry.swift in Sources */ = {isa = PBXBuildFile; fileRef = 6142E74527C40966008C357C /* ScheduleEntry.swift */; };
		611009E227CE5480008894D7 /* Realm in Frameworks */ = {isa = PBXBuildFile; productRef = 611009E127CE5480008894D7 /* Realm */; };
		611009E427CE5480008894D7 /* RealmSwift in Frameworks */ = {isa = PBXBuildFile; productRef = 611009E327CE5480008894D7 /* RealmSwift */; };
		611009E627CE5480008894D7 /* SwiftDate in Frameworks */ = {isa = PBXBuildFile; productRef = 611009E527CE5480008894D7 /* SwiftDate */; };
		611009E827CE5480008894D7 /* SwiftDateStatic in Frameworks */ = {isa = PBXBuildFile; productRef = 611009E727CE5480008894D7 /* SwiftDateStatic */; };
		611B6D5D27C4D2F600A143AB /* Settings.swift in Sources */ = {isa = PBXBuildFile; fileRef = 611B6D5C27C4D2F600A143AB /* Settings.swift */; };
		611B6D5F27C4D32200A143AB /* EntryPreviewRow.swift in Sources */ = {isa = PBXBuildFile; fileRef = 611B6D5E27C4D32200A143AB /* EntryPreviewRow.swift */; };
		61290B7127CD79B3001F1CFC /* Realm in Frameworks */ = {isa = PBXBuildFile; productRef = 61290B7027CD79B3001F1CFC /* Realm */; };
		61290B7327CD79B3001F1CFC /* RealmSwift in Frameworks */ = {isa = PBXBuildFile; productRef = 61290B7227CD79B3001F1CFC /* RealmSwift */; };
		61290B7527CD7B23001F1CFC /* DateControl.swift in Sources */ = {isa = PBXBuildFile; fileRef = 61290B7427CD7B23001F1CFC /* DateControl.swift */; };
		6142E72E27C404B2008C357C /* PieScheduleApp.swift in Sources */ = {isa = PBXBuildFile; fileRef = 6142E72D27C404B2008C357C /* PieScheduleApp.swift */; };
		6142E73027C404B2008C357C /* ContentView.swift in Sources */ = {isa = PBXBuildFile; fileRef = 6142E72F27C404B2008C357C /* ContentView.swift */; };
		6142E73227C404B3008C357C /* Assets.xcassets in Resources */ = {isa = PBXBuildFile; fileRef = 6142E73127C404B3008C357C /* Assets.xcassets */; };
		6142E73527C404B3008C357C /* Preview Assets.xcassets in Resources */ = {isa = PBXBuildFile; fileRef = 6142E73427C404B3008C357C /* Preview Assets.xcassets */; };
		6142E73F27C4058D008C357C /* ScheduleGroup.swift in Sources */ = {isa = PBXBuildFile; fileRef = 6142E73E27C4058D008C357C /* ScheduleGroup.swift */; };
		6142E74627C40966008C357C /* ScheduleEntry.swift in Sources */ = {isa = PBXBuildFile; fileRef = 6142E74527C40966008C357C /* ScheduleEntry.swift */; };
		6142E74927C40C82008C357C /* ScheduleEntryResponse.swift in Sources */ = {isa = PBXBuildFile; fileRef = 6142E74827C40C82008C357C /* ScheduleEntryResponse.swift */; };
		6153ADDC27CFB28100532ABF /* AvailableGroupsResponse.swift in Sources */ = {isa = PBXBuildFile; fileRef = 6153ADDB27CFB28100532ABF /* AvailableGroupsResponse.swift */; };
		619181B527CCEBC100DC265A /* Localizable.strings in Resources */ = {isa = PBXBuildFile; fileRef = 619181B327CCEBC100DC265A /* Localizable.strings */; };
		61A7390A27C4333200B1D4F5 /* AltapiManager.swift in Sources */ = {isa = PBXBuildFile; fileRef = 61A7390927C4333200B1D4F5 /* AltapiManager.swift */; };
		61A7391727C447F700B1D4F5 /* SwiftDate in Frameworks */ = {isa = PBXBuildFile; productRef = 61A7391627C447F700B1D4F5 /* SwiftDate */; };
		61A7391927C447F700B1D4F5 /* SwiftDateStatic in Frameworks */ = {isa = PBXBuildFile; productRef = 61A7391827C447F700B1D4F5 /* SwiftDateStatic */; };
		61CD380E27CECCED00E79016 /* EntryDetailsView.swift in Sources */ = {isa = PBXBuildFile; fileRef = 61CD380D27CECCED00E79016 /* EntryDetailsView.swift */; };
		61CD381127CEDE4100E79016 /* Localizable.strings in Resources */ = {isa = PBXBuildFile; fileRef = 61CD380F27CEDE4100E79016 /* Localizable.strings */; };
/* End PBXBuildFile section */

/* Begin PBXContainerItemProxy section */
		611009D627CE541F008894D7 /* PBXContainerItemProxy */ = {
			isa = PBXContainerItemProxy;
			containerPortal = 6142E72227C404B2008C357C /* Project object */;
			proxyType = 1;
			remoteGlobalIDString = 611009C727CE541E008894D7;
			remoteInfo = QuickPeekExtension;
		};
/* End PBXContainerItemProxy section */

/* Begin PBXCopyFilesBuildPhase section */
		611009D927CE541F008894D7 /* Embed App Extensions */ = {
			isa = PBXCopyFilesBuildPhase;
			buildActionMask = 2147483647;
			dstPath = "";
			dstSubfolderSpec = 13;
			files = (
				611009D827CE541F008894D7 /* QuickPeekExtension.appex in Embed App Extensions */,
			);
			name = "Embed App Extensions";
			runOnlyForDeploymentPostprocessing = 0;
		};
		61A7391527C4479200B1D4F5 /* Embed Frameworks */ = {
			isa = PBXCopyFilesBuildPhase;
			buildActionMask = 2147483647;
			dstPath = "";
			dstSubfolderSpec = 10;
			files = (
			);
			name = "Embed Frameworks";
			runOnlyForDeploymentPostprocessing = 0;
		};
/* End PBXCopyFilesBuildPhase section */

/* Begin PBXFileReference section */
		6110098427CE1EA0008894D7 /* RealmConfiguration.swift */ = {isa = PBXFileReference; lastKnownFileType = sourcecode.swift; path = RealmConfiguration.swift; sourceTree = "<group>"; };
		6110098627CE4AF8008894D7 /* Pie Schedule.entitlements */ = {isa = PBXFileReference; lastKnownFileType = text.plist.entitlements; path = "Pie Schedule.entitlements"; sourceTree = "<group>"; };
		611009C827CE541E008894D7 /* QuickPeekExtension.appex */ = {isa = PBXFileReference; explicitFileType = "wrapper.app-extension"; includeInIndex = 0; path = QuickPeekExtension.appex; sourceTree = BUILT_PRODUCTS_DIR; };
		611009C927CE541E008894D7 /* WidgetKit.framework */ = {isa = PBXFileReference; lastKnownFileType = wrapper.framework; name = WidgetKit.framework; path = System/Library/Frameworks/WidgetKit.framework; sourceTree = SDKROOT; };
		611009CB27CE541E008894D7 /* SwiftUI.framework */ = {isa = PBXFileReference; lastKnownFileType = wrapper.framework; name = SwiftUI.framework; path = System/Library/Frameworks/SwiftUI.framework; sourceTree = SDKROOT; };
		611009CE27CE541E008894D7 /* QuickPeek.swift */ = {isa = PBXFileReference; lastKnownFileType = sourcecode.swift; path = QuickPeek.swift; sourceTree = "<group>"; };
		611009D027CE541E008894D7 /* QuickPeek.intentdefinition */ = {isa = PBXFileReference; lastKnownFileType = file.intentdefinition; path = QuickPeek.intentdefinition; sourceTree = "<group>"; };
		611009D127CE541F008894D7 /* Assets.xcassets */ = {isa = PBXFileReference; lastKnownFileType = folder.assetcatalog; path = Assets.xcassets; sourceTree = "<group>"; };
		611009D327CE541F008894D7 /* Info.plist */ = {isa = PBXFileReference; lastKnownFileType = text.plist.xml; path = Info.plist; sourceTree = "<group>"; };
		611009E927CE5BAB008894D7 /* QuickPeekExtension.entitlements */ = {isa = PBXFileReference; lastKnownFileType = text.plist.entitlements; path = QuickPeekExtension.entitlements; sourceTree = "<group>"; };
		611B6D5C27C4D2F600A143AB /* Settings.swift */ = {isa = PBXFileReference; lastKnownFileType = sourcecode.swift; path = Settings.swift; sourceTree = "<group>"; };
		611B6D5E27C4D32200A143AB /* EntryPreviewRow.swift */ = {isa = PBXFileReference; lastKnownFileType = sourcecode.swift; path = EntryPreviewRow.swift; sourceTree = "<group>"; };
		61290B7427CD7B23001F1CFC /* DateControl.swift */ = {isa = PBXFileReference; lastKnownFileType = sourcecode.swift; path = DateControl.swift; sourceTree = "<group>"; };
		6142E72A27C404B2008C357C /* Pie Schedule.app */ = {isa = PBXFileReference; explicitFileType = wrapper.application; includeInIndex = 0; path = "Pie Schedule.app"; sourceTree = BUILT_PRODUCTS_DIR; };
		6142E72D27C404B2008C357C /* PieScheduleApp.swift */ = {isa = PBXFileReference; lastKnownFileType = sourcecode.swift; path = PieScheduleApp.swift; sourceTree = "<group>"; };
		6142E72F27C404B2008C357C /* ContentView.swift */ = {isa = PBXFileReference; lastKnownFileType = sourcecode.swift; path = ContentView.swift; sourceTree = "<group>"; };
		6142E73127C404B3008C357C /* Assets.xcassets */ = {isa = PBXFileReference; lastKnownFileType = folder.assetcatalog; path = Assets.xcassets; sourceTree = "<group>"; };
		6142E73427C404B3008C357C /* Preview Assets.xcassets */ = {isa = PBXFileReference; lastKnownFileType = folder.assetcatalog; path = "Preview Assets.xcassets"; sourceTree = "<group>"; };
		6142E73C27C404EF008C357C /* realm-swift */ = {isa = PBXFileReference; lastKnownFileType = wrapper; name = "realm-swift"; path = "../realm-swift"; sourceTree = "<group>"; };
		6142E73E27C4058D008C357C /* ScheduleGroup.swift */ = {isa = PBXFileReference; lastKnownFileType = sourcecode.swift; path = ScheduleGroup.swift; sourceTree = "<group>"; };
		6142E74527C40966008C357C /* ScheduleEntry.swift */ = {isa = PBXFileReference; lastKnownFileType = sourcecode.swift; path = ScheduleEntry.swift; sourceTree = "<group>"; };
		6142E74827C40C82008C357C /* ScheduleEntryResponse.swift */ = {isa = PBXFileReference; lastKnownFileType = sourcecode.swift; path = ScheduleEntryResponse.swift; sourceTree = "<group>"; };
		6153ADDB27CFB28100532ABF /* AvailableGroupsResponse.swift */ = {isa = PBXFileReference; lastKnownFileType = sourcecode.swift; path = AvailableGroupsResponse.swift; sourceTree = "<group>"; };
		619181B427CCEBC100DC265A /* en */ = {isa = PBXFileReference; lastKnownFileType = text.plist.strings; name = en; path = en.lproj/Localizable.strings; sourceTree = "<group>"; };
		619181B627CCEBD600DC265A /* pl */ = {isa = PBXFileReference; lastKnownFileType = text.plist.strings; name = pl; path = pl.lproj/Localizable.strings; sourceTree = "<group>"; };
		619181B727CCF0C400DC265A /* uk */ = {isa = PBXFileReference; lastKnownFileType = text.plist.strings; name = uk; path = uk.lproj/Localizable.strings; sourceTree = "<group>"; };
		61A7390927C4333200B1D4F5 /* AltapiManager.swift */ = {isa = PBXFileReference; lastKnownFileType = sourcecode.swift; path = AltapiManager.swift; sourceTree = "<group>"; };
		61A7391A27C44E4800B1D4F5 /* README.md */ = {isa = PBXFileReference; lastKnownFileType = net.daringfireball.markdown; path = README.md; sourceTree = "<group>"; };
		61CD380C27CEA66500E79016 /* Pie-Schedule-Info.plist */ = {isa = PBXFileReference; lastKnownFileType = text.plist; path = "Pie-Schedule-Info.plist"; sourceTree = SOURCE_ROOT; };
		61CD380D27CECCED00E79016 /* EntryDetailsView.swift */ = {isa = PBXFileReference; lastKnownFileType = sourcecode.swift; path = EntryDetailsView.swift; sourceTree = "<group>"; };
		61CD381027CEDE4100E79016 /* pl */ = {isa = PBXFileReference; lastKnownFileType = text.plist.strings; name = pl; path = pl.lproj/Localizable.strings; sourceTree = "<group>"; };
/* End PBXFileReference section */

/* Begin PBXFrameworksBuildPhase section */
		611009C527CE541E008894D7 /* Frameworks */ = {
			isa = PBXFrameworksBuildPhase;
			buildActionMask = 2147483647;
			files = (
				611009E427CE5480008894D7 /* RealmSwift in Frameworks */,
				611009E227CE5480008894D7 /* Realm in Frameworks */,
				611009E827CE5480008894D7 /* SwiftDateStatic in Frameworks */,
				611009E627CE5480008894D7 /* SwiftDate in Frameworks */,
				611009CC27CE541E008894D7 /* SwiftUI.framework in Frameworks */,
				611009CA27CE541E008894D7 /* WidgetKit.framework in Frameworks */,
			);
			runOnlyForDeploymentPostprocessing = 0;
		};
		6142E72727C404B2008C357C /* Frameworks */ = {
			isa = PBXFrameworksBuildPhase;
			buildActionMask = 2147483647;
			files = (
				610C646327CC550B00321CBE /* WelcomeSheet in Frameworks */,
				61A7391927C447F700B1D4F5 /* SwiftDateStatic in Frameworks */,
				61290B7127CD79B3001F1CFC /* Realm in Frameworks */,
				61290B7327CD79B3001F1CFC /* RealmSwift in Frameworks */,
				61A7391727C447F700B1D4F5 /* SwiftDate in Frameworks */,
			);
			runOnlyForDeploymentPostprocessing = 0;
		};
/* End PBXFrameworksBuildPhase section */

/* Begin PBXGroup section */
		611009CD27CE541E008894D7 /* QuickPeek */ = {
			isa = PBXGroup;
			children = (
				611009CE27CE541E008894D7 /* QuickPeek.swift */,
				611009D027CE541E008894D7 /* QuickPeek.intentdefinition */,
				611009D127CE541F008894D7 /* Assets.xcassets */,
				611009D327CE541F008894D7 /* Info.plist */,
				61CD380F27CEDE4100E79016 /* Localizable.strings */,
			);
			path = QuickPeek;
			sourceTree = "<group>";
		};
		611B6D5B27C4D2ED00A143AB /* Views */ = {
			isa = PBXGroup;
			children = (
				611B6D5C27C4D2F600A143AB /* Settings.swift */,
				611B6D5E27C4D32200A143AB /* EntryPreviewRow.swift */,
				61CD380D27CECCED00E79016 /* EntryDetailsView.swift */,
				61290B7427CD7B23001F1CFC /* DateControl.swift */,
			);
			path = Views;
			sourceTree = "<group>";
		};
		6142E72127C404B2008C357C = {
			isa = PBXGroup;
			children = (
				611009E927CE5BAB008894D7 /* QuickPeekExtension.entitlements */,
				61A7391A27C44E4800B1D4F5 /* README.md */,
				6142E73B27C404EF008C357C /* Packages */,
				6142E72C27C404B2008C357C /* Pie Schedule */,
				611009CD27CE541E008894D7 /* QuickPeek */,
				6142E72B27C404B2008C357C /* Products */,
				6142E74027C40760008C357C /* Frameworks */,
			);
			sourceTree = "<group>";
		};
		6142E72B27C404B2008C357C /* Products */ = {
			isa = PBXGroup;
			children = (
				6142E72A27C404B2008C357C /* Pie Schedule.app */,
				611009C827CE541E008894D7 /* QuickPeekExtension.appex */,
			);
			name = Products;
			sourceTree = "<group>";
		};
		6142E72C27C404B2008C357C /* Pie Schedule */ = {
			isa = PBXGroup;
			children = (
				61CD380C27CEA66500E79016 /* Pie-Schedule-Info.plist */,
				6110098627CE4AF8008894D7 /* Pie Schedule.entitlements */,
				619181B327CCEBC100DC265A /* Localizable.strings */,
				611B6D5B27C4D2ED00A143AB /* Views */,
				6142E74727C40C65008C357C /* Altapi responses */,
				6142E73D27C40573008C357C /* Objects */,
				6142E72D27C404B2008C357C /* PieScheduleApp.swift */,
				6142E72F27C404B2008C357C /* ContentView.swift */,
				61A7390927C4333200B1D4F5 /* AltapiManager.swift */,
				6110098427CE1EA0008894D7 /* RealmConfiguration.swift */,
				6142E73127C404B3008C357C /* Assets.xcassets */,
				6142E73327C404B3008C357C /* Preview Content */,
			);
			path = "Pie Schedule";
			sourceTree = "<group>";
		};
		6142E73327C404B3008C357C /* Preview Content */ = {
			isa = PBXGroup;
			children = (
				6142E73427C404B3008C357C /* Preview Assets.xcassets */,
			);
			path = "Preview Content";
			sourceTree = "<group>";
		};
		6142E73B27C404EF008C357C /* Packages */ = {
			isa = PBXGroup;
			children = (
				6142E73C27C404EF008C357C /* realm-swift */,
			);
			name = Packages;
			sourceTree = "<group>";
		};
		6142E73D27C40573008C357C /* Objects */ = {
			isa = PBXGroup;
			children = (
				6142E73E27C4058D008C357C /* ScheduleGroup.swift */,
				6142E74527C40966008C357C /* ScheduleEntry.swift */,
			);
			path = Objects;
			sourceTree = "<group>";
		};
		6142E74027C40760008C357C /* Frameworks */ = {
			isa = PBXGroup;
			children = (
				611009C927CE541E008894D7 /* WidgetKit.framework */,
				611009CB27CE541E008894D7 /* SwiftUI.framework */,
			);
			name = Frameworks;
			sourceTree = "<group>";
		};
		6142E74727C40C65008C357C /* Altapi responses */ = {
			isa = PBXGroup;
			children = (
				6142E74827C40C82008C357C /* ScheduleEntryResponse.swift */,
				6153ADDB27CFB28100532ABF /* AvailableGroupsResponse.swift */,
			);
			path = "Altapi responses";
			sourceTree = "<group>";
		};
/* End PBXGroup section */

/* Begin PBXNativeTarget section */
		611009C727CE541E008894D7 /* QuickPeekExtension */ = {
			isa = PBXNativeTarget;
			buildConfigurationList = 611009DC27CE541F008894D7 /* Build configuration list for PBXNativeTarget "QuickPeekExtension" */;
			buildPhases = (
				611009C427CE541E008894D7 /* Sources */,
				611009C527CE541E008894D7 /* Frameworks */,
				611009C627CE541E008894D7 /* Resources */,
			);
			buildRules = (
			);
			dependencies = (
			);
			name = QuickPeekExtension;
			packageProductDependencies = (
				611009E127CE5480008894D7 /* Realm */,
				611009E327CE5480008894D7 /* RealmSwift */,
				611009E527CE5480008894D7 /* SwiftDate */,
				611009E727CE5480008894D7 /* SwiftDateStatic */,
			);
			productName = QuickPeekExtension;
			productReference = 611009C827CE541E008894D7 /* QuickPeekExtension.appex */;
			productType = "com.apple.product-type.app-extension";
		};
		6142E72927C404B2008C357C /* Pie Schedule */ = {
			isa = PBXNativeTarget;
			buildConfigurationList = 6142E73827C404B3008C357C /* Build configuration list for PBXNativeTarget "Pie Schedule" */;
			buildPhases = (
				6142E72627C404B2008C357C /* Sources */,
				6142E72727C404B2008C357C /* Frameworks */,
				6142E72827C404B2008C357C /* Resources */,
				61A7391527C4479200B1D4F5 /* Embed Frameworks */,
				611009D927CE541F008894D7 /* Embed App Extensions */,
			);
			buildRules = (
			);
			dependencies = (
				611009D727CE541F008894D7 /* PBXTargetDependency */,
			);
			name = "Pie Schedule";
			packageProductDependencies = (
				61A7391627C447F700B1D4F5 /* SwiftDate */,
				61A7391827C447F700B1D4F5 /* SwiftDateStatic */,
				610C646227CC550B00321CBE /* WelcomeSheet */,
				61290B7027CD79B3001F1CFC /* Realm */,
				61290B7227CD79B3001F1CFC /* RealmSwift */,
			);
			productName = "Pie Schedule";
			productReference = 6142E72A27C404B2008C357C /* Pie Schedule.app */;
			productType = "com.apple.product-type.application";
		};
/* End PBXNativeTarget section */

/* Begin PBXProject section */
		6142E72227C404B2008C357C /* Project object */ = {
			isa = PBXProject;
			attributes = {
				BuildIndependentTargetsInParallel = 1;
				LastSwiftUpdateCheck = 1330;
				LastUpgradeCheck = 1320;
				TargetAttributes = {
					611009C727CE541E008894D7 = {
						CreatedOnToolsVersion = 13.3;
					};
					6142E72927C404B2008C357C = {
						CreatedOnToolsVersion = 13.2.1;
					};
				};
			};
			buildConfigurationList = 6142E72527C404B2008C357C /* Build configuration list for PBXProject "Pie Schedule" */;
			compatibilityVersion = "Xcode 13.0";
			developmentRegion = en;
			hasScannedForEncodings = 0;
			knownRegions = (
				en,
				pl,
				uk,
				Base,
			);
			mainGroup = 6142E72127C404B2008C357C;
			packageReferences = (
				61A7390B27C4464A00B1D4F5 /* XCRemoteSwiftPackageReference "SwiftDate" */,
				610C646127CC550B00321CBE /* XCRemoteSwiftPackageReference "Welcome-Sheet" */,
				61290B6F27CD79B3001F1CFC /* XCRemoteSwiftPackageReference "realm-swift" */,
			);
			productRefGroup = 6142E72B27C404B2008C357C /* Products */;
			projectDirPath = "";
			projectRoot = "";
			targets = (
				6142E72927C404B2008C357C /* Pie Schedule */,
				611009C727CE541E008894D7 /* QuickPeekExtension */,
			);
		};
/* End PBXProject section */

/* Begin PBXResourcesBuildPhase section */
		611009C627CE541E008894D7 /* Resources */ = {
			isa = PBXResourcesBuildPhase;
			buildActionMask = 2147483647;
			files = (
				611009D227CE541F008894D7 /* Assets.xcassets in Resources */,
				61CD381127CEDE4100E79016 /* Localizable.strings in Resources */,
			);
			runOnlyForDeploymentPostprocessing = 0;
		};
		6142E72827C404B2008C357C /* Resources */ = {
			isa = PBXResourcesBuildPhase;
			buildActionMask = 2147483647;
			files = (
				6142E73527C404B3008C357C /* Preview Assets.xcassets in Resources */,
				619181B527CCEBC100DC265A /* Localizable.strings in Resources */,
				6142E73227C404B3008C357C /* Assets.xcassets in Resources */,
			);
			runOnlyForDeploymentPostprocessing = 0;
		};
/* End PBXResourcesBuildPhase section */

/* Begin PBXSourcesBuildPhase section */
		611009C427CE541E008894D7 /* Sources */ = {
			isa = PBXSourcesBuildPhase;
			buildActionMask = 2147483647;
			files = (
				611009DE27CE5429008894D7 /* RealmConfiguration.swift in Sources */,
				611009DF27CE542F008894D7 /* ScheduleGroup.swift in Sources */,
				611009E027CE542F008894D7 /* ScheduleEntry.swift in Sources */,
				611009CF27CE541E008894D7 /* QuickPeek.swift in Sources */,
				611009D427CE541F008894D7 /* QuickPeek.intentdefinition in Sources */,
			);
			runOnlyForDeploymentPostprocessing = 0;
		};
		6142E72627C404B2008C357C /* Sources */ = {
			isa = PBXSourcesBuildPhase;
			buildActionMask = 2147483647;
			files = (
				61CD380E27CECCED00E79016 /* EntryDetailsView.swift in Sources */,
				61A7390A27C4333200B1D4F5 /* AltapiManager.swift in Sources */,
				6142E73F27C4058D008C357C /* ScheduleGroup.swift in Sources */,
				6110098527CE1EA0008894D7 /* RealmConfiguration.swift in Sources */,
				6142E74627C40966008C357C /* ScheduleEntry.swift in Sources */,
				611009D527CE541F008894D7 /* QuickPeek.intentdefinition in Sources */,
				61290B7527CD7B23001F1CFC /* DateControl.swift in Sources */,
				6142E74927C40C82008C357C /* ScheduleEntryResponse.swift in Sources */,
				611B6D5F27C4D32200A143AB /* EntryPreviewRow.swift in Sources */,
				611B6D5D27C4D2F600A143AB /* Settings.swift in Sources */,
				6142E73027C404B2008C357C /* ContentView.swift in Sources */,
				6142E72E27C404B2008C357C /* PieScheduleApp.swift in Sources */,
				6153ADDC27CFB28100532ABF /* AvailableGroupsResponse.swift in Sources */,
			);
			runOnlyForDeploymentPostprocessing = 0;
		};
/* End PBXSourcesBuildPhase section */

/* Begin PBXTargetDependency section */
		611009D727CE541F008894D7 /* PBXTargetDependency */ = {
			isa = PBXTargetDependency;
			target = 611009C727CE541E008894D7 /* QuickPeekExtension */;
			targetProxy = 611009D627CE541F008894D7 /* PBXContainerItemProxy */;
		};
/* End PBXTargetDependency section */

/* Begin PBXVariantGroup section */
		619181B327CCEBC100DC265A /* Localizable.strings */ = {
			isa = PBXVariantGroup;
			children = (
				619181B427CCEBC100DC265A /* en */,
				619181B627CCEBD600DC265A /* pl */,
				619181B727CCF0C400DC265A /* uk */,
			);
			name = Localizable.strings;
			sourceTree = "<group>";
		};
		61CD380F27CEDE4100E79016 /* Localizable.strings */ = {
			isa = PBXVariantGroup;
			children = (
				61CD381027CEDE4100E79016 /* pl */,
			);
			name = Localizable.strings;
			sourceTree = "<group>";
		};
/* End PBXVariantGroup section */

/* Begin XCBuildConfiguration section */
		611009DA27CE541F008894D7 /* Debug */ = {
			isa = XCBuildConfiguration;
			buildSettings = {
				ASSETCATALOG_COMPILER_GLOBAL_ACCENT_COLOR_NAME = AccentColor;
				ASSETCATALOG_COMPILER_WIDGET_BACKGROUND_COLOR_NAME = WidgetBackground;
				CODE_SIGN_ENTITLEMENTS = QuickPeekExtension.entitlements;
				CODE_SIGN_IDENTITY = "Apple Development";
				CODE_SIGN_STYLE = Automatic;
				CURRENT_PROJECT_VERSION = 1;
				DEVELOPMENT_TEAM = 4FMVLVPJGA;
				GENERATE_INFOPLIST_FILE = YES;
				INFOPLIST_FILE = QuickPeek/Info.plist;
				INFOPLIST_KEY_CFBundleDisplayName = QuickPeek;
				INFOPLIST_KEY_NSHumanReadableCopyright = "";
				IPHONEOS_DEPLOYMENT_TARGET = 15.4;
				LD_RUNPATH_SEARCH_PATHS = (
					"$(inherited)",
					"@executable_path/Frameworks",
					"@executable_path/../../Frameworks",
				);
				MARKETING_VERSION = 1.0;
				PRODUCT_BUNDLE_IDENTIFIER = prov.kpostek.pieschedule.QuickPeek;
				PRODUCT_NAME = "$(TARGET_NAME)";
				SKIP_INSTALL = YES;
				SWIFT_EMIT_LOC_STRINGS = YES;
				SWIFT_VERSION = 5.0;
				TARGETED_DEVICE_FAMILY = "1,2";
			};
			name = Debug;
		};
		611009DB27CE541F008894D7 /* Release */ = {
			isa = XCBuildConfiguration;
			buildSettings = {
				ASSETCATALOG_COMPILER_GLOBAL_ACCENT_COLOR_NAME = AccentColor;
				ASSETCATALOG_COMPILER_WIDGET_BACKGROUND_COLOR_NAME = WidgetBackground;
				CODE_SIGN_ENTITLEMENTS = QuickPeekExtension.entitlements;
				CODE_SIGN_IDENTITY = "Apple Development";
				CODE_SIGN_STYLE = Automatic;
				CURRENT_PROJECT_VERSION = 1;
				DEVELOPMENT_TEAM = 4FMVLVPJGA;
				GENERATE_INFOPLIST_FILE = YES;
				INFOPLIST_FILE = QuickPeek/Info.plist;
				INFOPLIST_KEY_CFBundleDisplayName = QuickPeek;
				INFOPLIST_KEY_NSHumanReadableCopyright = "";
				IPHONEOS_DEPLOYMENT_TARGET = 15.4;
				LD_RUNPATH_SEARCH_PATHS = (
					"$(inherited)",
					"@executable_path/Frameworks",
					"@executable_path/../../Frameworks",
				);
				MARKETING_VERSION = 1.0;
				PRODUCT_BUNDLE_IDENTIFIER = prov.kpostek.pieschedule.QuickPeek;
				PRODUCT_NAME = "$(TARGET_NAME)";
				SKIP_INSTALL = YES;
				SWIFT_EMIT_LOC_STRINGS = YES;
				SWIFT_VERSION = 5.0;
				TARGETED_DEVICE_FAMILY = "1,2";
			};
			name = Release;
		};
		6142E73627C404B3008C357C /* Debug */ = {
			isa = XCBuildConfiguration;
			buildSettings = {
				ALWAYS_SEARCH_USER_PATHS = NO;
				CLANG_ANALYZER_NONNULL = YES;
				CLANG_ANALYZER_NUMBER_OBJECT_CONVERSION = YES_AGGRESSIVE;
				CLANG_CXX_LANGUAGE_STANDARD = "gnu++17";
				CLANG_CXX_LIBRARY = "libc++";
				CLANG_ENABLE_MODULES = YES;
				CLANG_ENABLE_OBJC_ARC = YES;
				CLANG_ENABLE_OBJC_WEAK = YES;
				CLANG_WARN_BLOCK_CAPTURE_AUTORELEASING = YES;
				CLANG_WARN_BOOL_CONVERSION = YES;
				CLANG_WARN_COMMA = YES;
				CLANG_WARN_CONSTANT_CONVERSION = YES;
				CLANG_WARN_DEPRECATED_OBJC_IMPLEMENTATIONS = YES;
				CLANG_WARN_DIRECT_OBJC_ISA_USAGE = YES_ERROR;
				CLANG_WARN_DOCUMENTATION_COMMENTS = YES;
				CLANG_WARN_EMPTY_BODY = YES;
				CLANG_WARN_ENUM_CONVERSION = YES;
				CLANG_WARN_INFINITE_RECURSION = YES;
				CLANG_WARN_INT_CONVERSION = YES;
				CLANG_WARN_NON_LITERAL_NULL_CONVERSION = YES;
				CLANG_WARN_OBJC_IMPLICIT_RETAIN_SELF = YES;
				CLANG_WARN_OBJC_LITERAL_CONVERSION = YES;
				CLANG_WARN_OBJC_ROOT_CLASS = YES_ERROR;
				CLANG_WARN_QUOTED_INCLUDE_IN_FRAMEWORK_HEADER = YES;
				CLANG_WARN_RANGE_LOOP_ANALYSIS = YES;
				CLANG_WARN_STRICT_PROTOTYPES = YES;
				CLANG_WARN_SUSPICIOUS_MOVE = YES;
				CLANG_WARN_UNGUARDED_AVAILABILITY = YES_AGGRESSIVE;
				CLANG_WARN_UNREACHABLE_CODE = YES;
				CLANG_WARN__DUPLICATE_METHOD_MATCH = YES;
				COPY_PHASE_STRIP = NO;
				DEBUG_INFORMATION_FORMAT = dwarf;
				ENABLE_STRICT_OBJC_MSGSEND = YES;
				ENABLE_TESTABILITY = YES;
				GCC_C_LANGUAGE_STANDARD = gnu11;
				GCC_DYNAMIC_NO_PIC = NO;
				GCC_NO_COMMON_BLOCKS = YES;
				GCC_OPTIMIZATION_LEVEL = 0;
				GCC_PREPROCESSOR_DEFINITIONS = (
					"DEBUG=1",
					"$(inherited)",
				);
				GCC_WARN_64_TO_32_BIT_CONVERSION = YES;
				GCC_WARN_ABOUT_RETURN_TYPE = YES_ERROR;
				GCC_WARN_UNDECLARED_SELECTOR = YES;
				GCC_WARN_UNINITIALIZED_AUTOS = YES_AGGRESSIVE;
				GCC_WARN_UNUSED_FUNCTION = YES;
				GCC_WARN_UNUSED_VARIABLE = YES;
				IPHONEOS_DEPLOYMENT_TARGET = 15.2;
				MTL_ENABLE_DEBUG_INFO = INCLUDE_SOURCE;
				MTL_FAST_MATH = YES;
				ONLY_ACTIVE_ARCH = YES;
				SDKROOT = iphoneos;
				SWIFT_ACTIVE_COMPILATION_CONDITIONS = DEBUG;
				SWIFT_OPTIMIZATION_LEVEL = "-Onone";
			};
			name = Debug;
		};
		6142E73727C404B3008C357C /* Release */ = {
			isa = XCBuildConfiguration;
			buildSettings = {
				ALWAYS_SEARCH_USER_PATHS = NO;
				CLANG_ANALYZER_NONNULL = YES;
				CLANG_ANALYZER_NUMBER_OBJECT_CONVERSION = YES_AGGRESSIVE;
				CLANG_CXX_LANGUAGE_STANDARD = "gnu++17";
				CLANG_CXX_LIBRARY = "libc++";
				CLANG_ENABLE_MODULES = YES;
				CLANG_ENABLE_OBJC_ARC = YES;
				CLANG_ENABLE_OBJC_WEAK = YES;
				CLANG_WARN_BLOCK_CAPTURE_AUTORELEASING = YES;
				CLANG_WARN_BOOL_CONVERSION = YES;
				CLANG_WARN_COMMA = YES;
				CLANG_WARN_CONSTANT_CONVERSION = YES;
				CLANG_WARN_DEPRECATED_OBJC_IMPLEMENTATIONS = YES;
				CLANG_WARN_DIRECT_OBJC_ISA_USAGE = YES_ERROR;
				CLANG_WARN_DOCUMENTATION_COMMENTS = YES;
				CLANG_WARN_EMPTY_BODY = YES;
				CLANG_WARN_ENUM_CONVERSION = YES;
				CLANG_WARN_INFINITE_RECURSION = YES;
				CLANG_WARN_INT_CONVERSION = YES;
				CLANG_WARN_NON_LITERAL_NULL_CONVERSION = YES;
				CLANG_WARN_OBJC_IMPLICIT_RETAIN_SELF = YES;
				CLANG_WARN_OBJC_LITERAL_CONVERSION = YES;
				CLANG_WARN_OBJC_ROOT_CLASS = YES_ERROR;
				CLANG_WARN_QUOTED_INCLUDE_IN_FRAMEWORK_HEADER = YES;
				CLANG_WARN_RANGE_LOOP_ANALYSIS = YES;
				CLANG_WARN_STRICT_PROTOTYPES = YES;
				CLANG_WARN_SUSPICIOUS_MOVE = YES;
				CLANG_WARN_UNGUARDED_AVAILABILITY = YES_AGGRESSIVE;
				CLANG_WARN_UNREACHABLE_CODE = YES;
				CLANG_WARN__DUPLICATE_METHOD_MATCH = YES;
				COPY_PHASE_STRIP = NO;
				DEBUG_INFORMATION_FORMAT = "dwarf-with-dsym";
				ENABLE_NS_ASSERTIONS = NO;
				ENABLE_STRICT_OBJC_MSGSEND = YES;
				GCC_C_LANGUAGE_STANDARD = gnu11;
				GCC_NO_COMMON_BLOCKS = YES;
				GCC_WARN_64_TO_32_BIT_CONVERSION = YES;
				GCC_WARN_ABOUT_RETURN_TYPE = YES_ERROR;
				GCC_WARN_UNDECLARED_SELECTOR = YES;
				GCC_WARN_UNINITIALIZED_AUTOS = YES_AGGRESSIVE;
				GCC_WARN_UNUSED_FUNCTION = YES;
				GCC_WARN_UNUSED_VARIABLE = YES;
				IPHONEOS_DEPLOYMENT_TARGET = 15.2;
				MTL_ENABLE_DEBUG_INFO = NO;
				MTL_FAST_MATH = YES;
				SDKROOT = iphoneos;
				SWIFT_COMPILATION_MODE = wholemodule;
				SWIFT_OPTIMIZATION_LEVEL = "-O";
				VALIDATE_PRODUCT = YES;
			};
			name = Release;
		};
		6142E73927C404B3008C357C /* Debug */ = {
			isa = XCBuildConfiguration;
			buildSettings = {
				ALWAYS_EMBED_SWIFT_STANDARD_LIBRARIES = YES;
				ASSETCATALOG_COMPILER_APPICON_NAME = AppIcon;
				ASSETCATALOG_COMPILER_GLOBAL_ACCENT_COLOR_NAME = AccentColor;
				CODE_SIGN_ENTITLEMENTS = "Pie Schedule/Pie Schedule.entitlements";
				CODE_SIGN_IDENTITY = "Apple Development";
				CODE_SIGN_STYLE = Automatic;
				CURRENT_PROJECT_VERSION = 3;
				DEVELOPMENT_ASSET_PATHS = "\"Pie Schedule/Preview Content\"";
				DEVELOPMENT_TEAM = 4FMVLVPJGA;
				ENABLE_PREVIEWS = YES;
				GENERATE_INFOPLIST_FILE = YES;
				INFOPLIST_FILE = "Pie-Schedule-Info.plist";
				INFOPLIST_KEY_UIApplicationSceneManifest_Generation = YES;
				INFOPLIST_KEY_UIApplicationSupportsIndirectInputEvents = YES;
				INFOPLIST_KEY_UILaunchScreen_Generation = YES;
				INFOPLIST_KEY_UISupportedInterfaceOrientations_iPad = "UIInterfaceOrientationPortrait UIInterfaceOrientationPortraitUpsideDown UIInterfaceOrientationLandscapeLeft UIInterfaceOrientationLandscapeRight";
				INFOPLIST_KEY_UISupportedInterfaceOrientations_iPhone = "UIInterfaceOrientationPortrait UIInterfaceOrientationLandscapeLeft UIInterfaceOrientationLandscapeRight";
				IPHONEOS_DEPLOYMENT_TARGET = 15.0;
				LD_RUNPATH_SEARCH_PATHS = (
					"$(inherited)",
					"@executable_path/Frameworks",
				);
				MARKETING_VERSION = 0.2.0;
				PRODUCT_BUNDLE_IDENTIFIER = prov.kpostek.pieschedule;
				PRODUCT_NAME = "$(TARGET_NAME)";
				PROVISIONING_PROFILE_SPECIFIER = "";
				SWIFT_EMIT_LOC_STRINGS = YES;
				SWIFT_VERSION = 5.0;
				TARGETED_DEVICE_FAMILY = "1,2";
			};
			name = Debug;
		};
		6142E73A27C404B3008C357C /* Release */ = {
			isa = XCBuildConfiguration;
			buildSettings = {
				ALWAYS_EMBED_SWIFT_STANDARD_LIBRARIES = YES;
				ASSETCATALOG_COMPILER_APPICON_NAME = AppIcon;
				ASSETCATALOG_COMPILER_GLOBAL_ACCENT_COLOR_NAME = AccentColor;
				CODE_SIGN_ENTITLEMENTS = "Pie Schedule/Pie Schedule.entitlements";
				CODE_SIGN_IDENTITY = "Apple Development";
				CODE_SIGN_STYLE = Automatic;
				CURRENT_PROJECT_VERSION = 3;
				DEVELOPMENT_ASSET_PATHS = "\"Pie Schedule/Preview Content\"";
				DEVELOPMENT_TEAM = 4FMVLVPJGA;
				ENABLE_PREVIEWS = YES;
				GENERATE_INFOPLIST_FILE = YES;
				INFOPLIST_FILE = "Pie-Schedule-Info.plist";
				INFOPLIST_KEY_UIApplicationSceneManifest_Generation = YES;
				INFOPLIST_KEY_UIApplicationSupportsIndirectInputEvents = YES;
				INFOPLIST_KEY_UILaunchScreen_Generation = YES;
				INFOPLIST_KEY_UISupportedInterfaceOrientations_iPad = "UIInterfaceOrientationPortrait UIInterfaceOrientationPortraitUpsideDown UIInterfaceOrientationLandscapeLeft UIInterfaceOrientationLandscapeRight";
				INFOPLIST_KEY_UISupportedInterfaceOrientations_iPhone = "UIInterfaceOrientationPortrait UIInterfaceOrientationLandscapeLeft UIInterfaceOrientationLandscapeRight";
				IPHONEOS_DEPLOYMENT_TARGET = 15.0;
				LD_RUNPATH_SEARCH_PATHS = (
					"$(inherited)",
					"@executable_path/Frameworks",
				);
				MARKETING_VERSION = 0.2.0;
				PRODUCT_BUNDLE_IDENTIFIER = prov.kpostek.pieschedule;
				PRODUCT_NAME = "$(TARGET_NAME)";
				PROVISIONING_PROFILE_SPECIFIER = "";
				SWIFT_EMIT_LOC_STRINGS = YES;
				SWIFT_VERSION = 5.0;
				TARGETED_DEVICE_FAMILY = "1,2";
			};
			name = Release;
		};
/* End XCBuildConfiguration section */

/* Begin XCConfigurationList section */
		611009DC27CE541F008894D7 /* Build configuration list for PBXNativeTarget "QuickPeekExtension" */ = {
			isa = XCConfigurationList;
			buildConfigurations = (
				611009DA27CE541F008894D7 /* Debug */,
				611009DB27CE541F008894D7 /* Release */,
			);
			defaultConfigurationIsVisible = 0;
			defaultConfigurationName = Release;
		};
		6142E72527C404B2008C357C /* Build configuration list for PBXProject "Pie Schedule" */ = {
			isa = XCConfigurationList;
			buildConfigurations = (
				6142E73627C404B3008C357C /* Debug */,
				6142E73727C404B3008C357C /* Release */,
			);
			defaultConfigurationIsVisible = 0;
			defaultConfigurationName = Release;
		};
		6142E73827C404B3008C357C /* Build configuration list for PBXNativeTarget "Pie Schedule" */ = {
			isa = XCConfigurationList;
			buildConfigurations = (
				6142E73927C404B3008C357C /* Debug */,
				6142E73A27C404B3008C357C /* Release */,
			);
			defaultConfigurationIsVisible = 0;
			defaultConfigurationName = Release;
		};
/* End XCConfigurationList section */

/* Begin XCRemoteSwiftPackageReference section */
		610C646127CC550B00321CBE /* XCRemoteSwiftPackageReference "Welcome-Sheet" */ = {
			isa = XCRemoteSwiftPackageReference;
			repositoryURL = "https://github.com/MAJKFL/Welcome-Sheet";
			requirement = {
				branch = main;
				kind = branch;
			};
		};
		61290B6F27CD79B3001F1CFC /* XCRemoteSwiftPackageReference "realm-swift" */ = {
			isa = XCRemoteSwiftPackageReference;
			repositoryURL = "https://github.com/realm/realm-swift.git";
			requirement = {
				branch = master;
				kind = branch;
			};
		};
		61A7390B27C4464A00B1D4F5 /* XCRemoteSwiftPackageReference "SwiftDate" */ = {
			isa = XCRemoteSwiftPackageReference;
			repositoryURL = "https://github.com/malcommac/SwiftDate";
			requirement = {
				branch = master;
				kind = branch;
			};
		};
/* End XCRemoteSwiftPackageReference section */

/* Begin XCSwiftPackageProductDependency section */
		610C646227CC550B00321CBE /* WelcomeSheet */ = {
			isa = XCSwiftPackageProductDependency;
			package = 610C646127CC550B00321CBE /* XCRemoteSwiftPackageReference "Welcome-Sheet" */;
			productName = WelcomeSheet;
		};
		611009E127CE5480008894D7 /* Realm */ = {
			isa = XCSwiftPackageProductDependency;
			productName = Realm;
		};
		611009E327CE5480008894D7 /* RealmSwift */ = {
			isa = XCSwiftPackageProductDependency;
			productName = RealmSwift;
		};
		611009E527CE5480008894D7 /* SwiftDate */ = {
			isa = XCSwiftPackageProductDependency;
			package = 61A7390B27C4464A00B1D4F5 /* XCRemoteSwiftPackageReference "SwiftDate" */;
			productName = SwiftDate;
		};
		611009E727CE5480008894D7 /* SwiftDateStatic */ = {
			isa = XCSwiftPackageProductDependency;
			package = 61A7390B27C4464A00B1D4F5 /* XCRemoteSwiftPackageReference "SwiftDate" */;
			productName = SwiftDateStatic;
		};
		61290B7027CD79B3001F1CFC /* Realm */ = {
			isa = XCSwiftPackageProductDependency;
			package = 61290B6F27CD79B3001F1CFC /* XCRemoteSwiftPackageReference "realm-swift" */;
			productName = Realm;
		};
		61290B7227CD79B3001F1CFC /* RealmSwift */ = {
			isa = XCSwiftPackageProductDependency;
			package = 61290B6F27CD79B3001F1CFC /* XCRemoteSwiftPackageReference "realm-swift" */;
			productName = RealmSwift;
		};
		61A7391627C447F700B1D4F5 /* SwiftDate */ = {
			isa = XCSwiftPackageProductDependency;
			package = 61A7390B27C4464A00B1D4F5 /* XCRemoteSwiftPackageReference "SwiftDate" */;
			productName = SwiftDate;
		};
		61A7391827C447F700B1D4F5 /* SwiftDateStatic */ = {
			isa = XCSwiftPackageProductDependency;
			package = 61A7390B27C4464A00B1D4F5 /* XCRemoteSwiftPackageReference "SwiftDate" */;
			productName = SwiftDateStatic;
		};
/* End XCSwiftPackageProductDependency section */
	};
	rootObject = 6142E72227C404B2008C357C /* Project object */;
}
